
Microsoft Visual Studio Solution File, Format Version 12.00
# Visual Studio Version 16
VisualStudioVersion = 16.0.30804.86
MinimumVisualStudioVersion = 10.0.40219.1
Project("{FAE04EC0-301F-11D3-BF4B-00C04F79EFBC}") = "ORMTests", "ORMTests\ORMTests.csproj", "{CA5DF479-896B-4151-B1F2-472DAA6DA5D4}"
EndProject
Project("{FAE04EC0-301F-11D3-BF4B-00C04F79EFBC}") = "StudentsORMTest", "Students\StudentsORMTest.csproj", "{5ADFF4C0-897A-4BBD-BE9A-9F0B67F43781}"
EndProject
Global
	GlobalSection(SolutionConfigurationPlatforms) = preSolution
		Debug|Any CPU = Debug|Any CPU
		Release|Any CPU = Release|Any CPU
	EndGlobalSection
	GlobalSection(ProjectConfigurationPlatforms) = postSolution
		{CA5DF479-896B-4151-B1F2-472DAA6DA5D4}.Debug|Any CPU.ActiveCfg = Debug|Any CPU
		{CA5DF479-896B-4151-B1F2-472DAA6DA5D4}.Debug|Any CPU.Build.0 = Debug|Any CPU
		{CA5DF479-896B-4151-B1F2-472DAA6DA5D4}.Release|Any CPU.ActiveCfg = Release|Any CPU
		{CA5DF479-896B-4151-B1F2-472DAA6DA5D4}.Release|Any CPU.Build.0 = Release|Any CPU
		{5ADFF4C0-897A-4BBD-BE9A-9F0B67F43781}.Debug|Any CPU.ActiveCfg = Debug|Any CPU
		{5ADFF4C0-897A-4BBD-BE9A-9F0B67F43781}.Debug|Any CPU.Build.0 = Debug|Any CPU
		{5ADFF4C0-897A-4BBD-BE9A-9F0B67F43781}.Release|Any CPU.ActiveCfg = Release|Any CPU
		{5ADFF4C0-897A-4BBD-BE9A-9F0B67F43781}.Release|Any CPU.Build.0 = Release|Any CPU
	EndGlobalSection
	GlobalSection(SolutionProperties) = preSolution
		HideSolutionNode = FALSE
	EndGlobalSection
	GlobalSection(ExtensibilityGlobals) = postSolution
		SolutionGuid = {979E3955-1B2B-4DA4-969C-389A839CA8D5}
	EndGlobalSection
EndGlobal
