
Microsoft Visual Studio Solution File, Format Version 12.00
# Visual Studio Version 16
VisualStudioVersion = 16.0.30804.86
MinimumVisualStudioVersion = 10.0.40219.1
Project("{FAE04EC0-301F-11D3-BF4B-00C04F79EFBC}") = "MinionNames", "ADO.NETExercise\MinionNames.csproj", "{303D39AE-B942-400F-AE79-2040515DE816}"
EndProject
Project("{FAE04EC0-301F-11D3-BF4B-00C04F79EFBC}") = "AddMinion", "AddMinion\AddMinion.csproj", "{0368151C-7527-43B4-810E-5244122E746C}"
EndProject
Project("{FAE04EC0-301F-11D3-BF4B-00C04F79EFBC}") = "RemoveVillain", "RemoveVillain\RemoveVillain.csproj", "{76B2E446-8C80-498F-BCC4-88625D0222CF}"
EndProject
Project("{FAE04EC0-301F-11D3-BF4B-00C04F79EFBC}") = "IncreaseAgedStoredProcedure", "IncreaseAgedStoredProcedure\IncreaseAgedStoredProcedure.csproj", "{F2B56705-5D84-45E0-AF39-922D5337C0D6}"
EndProject
Global
	GlobalSection(SolutionConfigurationPlatforms) = preSolution
		Debug|Any CPU = Debug|Any CPU
		Release|Any CPU = Release|Any CPU
	EndGlobalSection
	GlobalSection(ProjectConfigurationPlatforms) = postSolution
		{303D39AE-B942-400F-AE79-2040515DE816}.Debug|Any CPU.ActiveCfg = Debug|Any CPU
		{303D39AE-B942-400F-AE79-2040515DE816}.Debug|Any CPU.Build.0 = Debug|Any CPU
		{303D39AE-B942-400F-AE79-2040515DE816}.Release|Any CPU.ActiveCfg = Release|Any CPU
		{303D39AE-B942-400F-AE79-2040515DE816}.Release|Any CPU.Build.0 = Release|Any CPU
		{0368151C-7527-43B4-810E-5244122E746C}.Debug|Any CPU.ActiveCfg = Debug|Any CPU
		{0368151C-7527-43B4-810E-5244122E746C}.Debug|Any CPU.Build.0 = Debug|Any CPU
		{0368151C-7527-43B4-810E-5244122E746C}.Release|Any CPU.ActiveCfg = Release|Any CPU
		{0368151C-7527-43B4-810E-5244122E746C}.Release|Any CPU.Build.0 = Release|Any CPU
		{76B2E446-8C80-498F-BCC4-88625D0222CF}.Debug|Any CPU.ActiveCfg = Debug|Any CPU
		{76B2E446-8C80-498F-BCC4-88625D0222CF}.Debug|Any CPU.Build.0 = Debug|Any CPU
		{76B2E446-8C80-498F-BCC4-88625D0222CF}.Release|Any CPU.ActiveCfg = Release|Any CPU
		{76B2E446-8C80-498F-BCC4-88625D0222CF}.Release|Any CPU.Build.0 = Release|Any CPU
		{F2B56705-5D84-45E0-AF39-922D5337C0D6}.Debug|Any CPU.ActiveCfg = Debug|Any CPU
		{F2B56705-5D84-45E0-AF39-922D5337C0D6}.Debug|Any CPU.Build.0 = Debug|Any CPU
		{F2B56705-5D84-45E0-AF39-922D5337C0D6}.Release|Any CPU.ActiveCfg = Release|Any CPU
		{F2B56705-5D84-45E0-AF39-922D5337C0D6}.Release|Any CPU.Build.0 = Release|Any CPU
	EndGlobalSection
	GlobalSection(SolutionProperties) = preSolution
		HideSolutionNode = FALSE
	EndGlobalSection
	GlobalSection(ExtensibilityGlobals) = postSolution
		SolutionGuid = {653AB2E0-98C0-420D-B932-D36031EF1948}
	EndGlobalSection
EndGlobal
