
Microsoft Visual Studio Solution File, Format Version 12.00
# Visual Studio Version 16
VisualStudioVersion = 16.0.30804.86
MinimumVisualStudioVersion = 10.0.40219.1
Project("{FAE04EC0-301F-11D3-BF4B-00C04F79EFBC}") = "RecipeApp", "RecipeApp\RecipeApp.csproj", "{E50603D3-D402-4BB9-9A92-2C578D6E9DE9}"
EndProject
Global
	GlobalSection(SolutionConfigurationPlatforms) = preSolution
		Debug|Any CPU = Debug|Any CPU
		Release|Any CPU = Release|Any CPU
	EndGlobalSection
	GlobalSection(ProjectConfigurationPlatforms) = postSolution
		{E50603D3-D402-4BB9-9A92-2C578D6E9DE9}.Debug|Any CPU.ActiveCfg = Debug|Any CPU
		{E50603D3-D402-4BB9-9A92-2C578D6E9DE9}.Debug|Any CPU.Build.0 = Debug|Any CPU
		{E50603D3-D402-4BB9-9A92-2C578D6E9DE9}.Release|Any CPU.ActiveCfg = Release|Any CPU
		{E50603D3-D402-4BB9-9A92-2C578D6E9DE9}.Release|Any CPU.Build.0 = Release|Any CPU
	EndGlobalSection
	GlobalSection(SolutionProperties) = preSolution
		HideSolutionNode = FALSE
	EndGlobalSection
	GlobalSection(ExtensibilityGlobals) = postSolution
		SolutionGuid = {949F3432-91E6-4713-8B4D-D02C70D6B234}
	EndGlobalSection
EndGlobal
